
Microsoft Visual Studio Solution File, Format Version 12.00
# Visual Studio Version 16
VisualStudioVersion = 16.0.31624.102
MinimumVisualStudioVersion = 10.0.40219.1
Project("{FAE04EC0-301F-11D3-BF4B-00C04F79EFBC}") = "BlockChain", "BlockChain.csproj", "{C861B1F9-77E2-44A1-AA00-92F0DE1C9F96}"
EndProject
Global
	GlobalSection(SolutionConfigurationPlatforms) = preSolution
		Debug|Any CPU = Debug|Any CPU
		Release|Any CPU = Release|Any CPU
	EndGlobalSection
	GlobalSection(ProjectConfigurationPlatforms) = postSolution
		{C861B1F9-77E2-44A1-AA00-92F0DE1C9F96}.Debug|Any CPU.ActiveCfg = Debug|Any CPU
		{C861B1F9-77E2-44A1-AA00-92F0DE1C9F96}.Debug|Any CPU.Build.0 = Debug|Any CPU
		{C861B1F9-77E2-44A1-AA00-92F0DE1C9F96}.Release|Any CPU.ActiveCfg = Release|Any CPU
		{C861B1F9-77E2-44A1-AA00-92F0DE1C9F96}.Release|Any CPU.Build.0 = Release|Any CPU
	EndGlobalSection
	GlobalSection(SolutionProperties) = preSolution
		HideSolutionNode = FALSE
	EndGlobalSection
	GlobalSection(ExtensibilityGlobals) = postSolution
		SolutionGuid = {91D2BB32-BAEE-464D-923E-C54FD23480F1}
	EndGlobalSection
EndGlobal
